
Microsoft Visual Studio Solution File, Format Version 12.00
# Visual Studio Version 16
VisualStudioVersion = 16.0.31019.35
MinimumVisualStudioVersion = 10.0.40219.1
Project("{9A19103F-16F7-4668-BE54-9A1E7A4F7556}") = "Infrastructure", "src\Infrastructure\Infrastructure.csproj", "{FDD26621-7607-4BE0-8006-00CFC2358BCF}"
EndProject
Project("{FAE04EC0-301F-11D3-BF4B-00C04F79EFBC}") = "ApplicationCore", "src\ApplicationCore\ApplicationCore.csproj", "{0109DB31-65CB-4BE3-B334-2EF750CD505F}"
EndProject
Project("{FAE04EC0-301F-11D3-BF4B-00C04F79EFBC}") = "WebApi", "src\WebApi\WebApi.csproj", "{4483C063-12C9-482F-B6D1-FCB631483502}"
EndProject
Global
	GlobalSection(SolutionConfigurationPlatforms) = preSolution
		Debug|Any CPU = Debug|Any CPU
		Release|Any CPU = Release|Any CPU
	EndGlobalSection
	GlobalSection(ProjectConfigurationPlatforms) = postSolution
		{FDD26621-7607-4BE0-8006-00CFC2358BCF}.Debug|Any CPU.ActiveCfg = Debug|Any CPU
		{FDD26621-7607-4BE0-8006-00CFC2358BCF}.Debug|Any CPU.Build.0 = Debug|Any CPU
		{FDD26621-7607-4BE0-8006-00CFC2358BCF}.Release|Any CPU.ActiveCfg = Release|Any CPU
		{FDD26621-7607-4BE0-8006-00CFC2358BCF}.Release|Any CPU.Build.0 = Release|Any CPU
		{0109DB31-65CB-4BE3-B334-2EF750CD505F}.Debug|Any CPU.ActiveCfg = Debug|Any CPU
		{0109DB31-65CB-4BE3-B334-2EF750CD505F}.Debug|Any CPU.Build.0 = Debug|Any CPU
		{0109DB31-65CB-4BE3-B334-2EF750CD505F}.Release|Any CPU.ActiveCfg = Release|Any CPU
		{0109DB31-65CB-4BE3-B334-2EF750CD505F}.Release|Any CPU.Build.0 = Release|Any CPU
		{4483C063-12C9-482F-B6D1-FCB631483502}.Debug|Any CPU.ActiveCfg = Debug|Any CPU
		{4483C063-12C9-482F-B6D1-FCB631483502}.Debug|Any CPU.Build.0 = Debug|Any CPU
		{4483C063-12C9-482F-B6D1-FCB631483502}.Release|Any CPU.ActiveCfg = Release|Any CPU
		{4483C063-12C9-482F-B6D1-FCB631483502}.Release|Any CPU.Build.0 = Release|Any CPU
	EndGlobalSection
	GlobalSection(SolutionProperties) = preSolution
		HideSolutionNode = FALSE
	EndGlobalSection
	GlobalSection(ExtensibilityGlobals) = postSolution
		SolutionGuid = {D06D5FFE-4BBF-4E92-98F2-617151D7108D}
	EndGlobalSection
EndGlobal
